
Microsoft Visual Studio Solution File, Format Version 12.00
# Visual Studio 15
VisualStudioVersion = 15.0.28010.2046
MinimumVisualStudioVersion = 10.0.40219.1
Project("{FAE04EC0-301F-11D3-BF4B-00C04F79EFBC}") = "TSM.Android", "TSM\TSM.Android\TSM.Android.csproj", "{B8B9778D-2371-4B22-B2E8-6A6CD39D94F8}"
EndProject
Project("{FAE04EC0-301F-11D3-BF4B-00C04F79EFBC}") = "TSM.iOS", "TSM\TSM.iOS\TSM.iOS.csproj", "{A4738C39-ED96-4721-8AAA-E92F4DA288B9}"
EndProject
Project("{FAE04EC0-301F-11D3-BF4B-00C04F79EFBC}") = "TSM", "TSM\TSM\TSM.csproj", "{E4E642C1-3FEB-4D22-977C-4F3178EDDCD4}"
EndProject
Global
	GlobalSection(SolutionConfigurationPlatforms) = preSolution
		Debug|Any CPU = Debug|Any CPU
		Debug|iPhone = Debug|iPhone
		Debug|iPhoneSimulator = Debug|iPhoneSimulator
		Release|Any CPU = Release|Any CPU
		Release|iPhone = Release|iPhone
		Release|iPhoneSimulator = Release|iPhoneSimulator
	EndGlobalSection
	GlobalSection(ProjectConfigurationPlatforms) = postSolution
		{B8B9778D-2371-4B22-B2E8-6A6CD39D94F8}.Debug|Any CPU.ActiveCfg = Debug|Any CPU
		{B8B9778D-2371-4B22-B2E8-6A6CD39D94F8}.Debug|Any CPU.Build.0 = Debug|Any CPU
		{B8B9778D-2371-4B22-B2E8-6A6CD39D94F8}.Debug|Any CPU.Deploy.0 = Debug|Any CPU
		{B8B9778D-2371-4B22-B2E8-6A6CD39D94F8}.Debug|iPhone.ActiveCfg = Debug|Any CPU
		{B8B9778D-2371-4B22-B2E8-6A6CD39D94F8}.Debug|iPhone.Build.0 = Debug|Any CPU
		{B8B9778D-2371-4B22-B2E8-6A6CD39D94F8}.Debug|iPhone.Deploy.0 = Debug|Any CPU
		{B8B9778D-2371-4B22-B2E8-6A6CD39D94F8}.Debug|iPhoneSimulator.ActiveCfg = Debug|Any CPU
		{B8B9778D-2371-4B22-B2E8-6A6CD39D94F8}.Debug|iPhoneSimulator.Build.0 = Debug|Any CPU
		{B8B9778D-2371-4B22-B2E8-6A6CD39D94F8}.Debug|iPhoneSimulator.Deploy.0 = Debug|Any CPU
		{B8B9778D-2371-4B22-B2E8-6A6CD39D94F8}.Release|Any CPU.ActiveCfg = Release|Any CPU
		{B8B9778D-2371-4B22-B2E8-6A6CD39D94F8}.Release|Any CPU.Build.0 = Release|Any CPU
		{B8B9778D-2371-4B22-B2E8-6A6CD39D94F8}.Release|Any CPU.Deploy.0 = Release|Any CPU
		{B8B9778D-2371-4B22-B2E8-6A6CD39D94F8}.Release|iPhone.ActiveCfg = Release|Any CPU
		{B8B9778D-2371-4B22-B2E8-6A6CD39D94F8}.Release|iPhone.Build.0 = Release|Any CPU
		{B8B9778D-2371-4B22-B2E8-6A6CD39D94F8}.Release|iPhone.Deploy.0 = Release|Any CPU
		{B8B9778D-2371-4B22-B2E8-6A6CD39D94F8}.Release|iPhoneSimulator.ActiveCfg = Release|Any CPU
		{B8B9778D-2371-4B22-B2E8-6A6CD39D94F8}.Release|iPhoneSimulator.Build.0 = Release|Any CPU
		{B8B9778D-2371-4B22-B2E8-6A6CD39D94F8}.Release|iPhoneSimulator.Deploy.0 = Release|Any CPU
		{A4738C39-ED96-4721-8AAA-E92F4DA288B9}.Debug|Any CPU.ActiveCfg = Debug|iPhoneSimulator
		{A4738C39-ED96-4721-8AAA-E92F4DA288B9}.Debug|Any CPU.Build.0 = Debug|iPhoneSimulator
		{A4738C39-ED96-4721-8AAA-E92F4DA288B9}.Debug|Any CPU.Deploy.0 = Debug|iPhoneSimulator
		{A4738C39-ED96-4721-8AAA-E92F4DA288B9}.Debug|iPhone.ActiveCfg = Debug|iPhone
		{A4738C39-ED96-4721-8AAA-E92F4DA288B9}.Debug|iPhone.Build.0 = Debug|iPhone
		{A4738C39-ED96-4721-8AAA-E92F4DA288B9}.Debug|iPhone.Deploy.0 = Debug|iPhone
		{A4738C39-ED96-4721-8AAA-E92F4DA288B9}.Debug|iPhoneSimulator.ActiveCfg = Debug|iPhoneSimulator
		{A4738C39-ED96-4721-8AAA-E92F4DA288B9}.Debug|iPhoneSimulator.Build.0 = Debug|iPhoneSimulator
		{A4738C39-ED96-4721-8AAA-E92F4DA288B9}.Debug|iPhoneSimulator.Deploy.0 = Debug|iPhoneSimulator
		{A4738C39-ED96-4721-8AAA-E92F4DA288B9}.Release|Any CPU.ActiveCfg = Release|iPhone
		{A4738C39-ED96-4721-8AAA-E92F4DA288B9}.Release|Any CPU.Build.0 = Release|iPhone
		{A4738C39-ED96-4721-8AAA-E92F4DA288B9}.Release|Any CPU.Deploy.0 = Release|iPhone
		{A4738C39-ED96-4721-8AAA-E92F4DA288B9}.Release|iPhone.ActiveCfg = Release|iPhone
		{A4738C39-ED96-4721-8AAA-E92F4DA288B9}.Release|iPhone.Build.0 = Release|iPhone
		{A4738C39-ED96-4721-8AAA-E92F4DA288B9}.Release|iPhone.Deploy.0 = Release|iPhone
		{A4738C39-ED96-4721-8AAA-E92F4DA288B9}.Release|iPhoneSimulator.ActiveCfg = Release|iPhoneSimulator
		{A4738C39-ED96-4721-8AAA-E92F4DA288B9}.Release|iPhoneSimulator.Build.0 = Release|iPhoneSimulator
		{A4738C39-ED96-4721-8AAA-E92F4DA288B9}.Release|iPhoneSimulator.Deploy.0 = Release|iPhoneSimulator
		{E4E642C1-3FEB-4D22-977C-4F3178EDDCD4}.Debug|Any CPU.ActiveCfg = Debug|Any CPU
		{E4E642C1-3FEB-4D22-977C-4F3178EDDCD4}.Debug|Any CPU.Build.0 = Debug|Any CPU
		{E4E642C1-3FEB-4D22-977C-4F3178EDDCD4}.Debug|Any CPU.Deploy.0 = Debug|Any CPU
		{E4E642C1-3FEB-4D22-977C-4F3178EDDCD4}.Debug|iPhone.ActiveCfg = Debug|Any CPU
		{E4E642C1-3FEB-4D22-977C-4F3178EDDCD4}.Debug|iPhone.Build.0 = Debug|Any CPU
		{E4E642C1-3FEB-4D22-977C-4F3178EDDCD4}.Debug|iPhone.Deploy.0 = Debug|Any CPU
		{E4E642C1-3FEB-4D22-977C-4F3178EDDCD4}.Debug|iPhoneSimulator.ActiveCfg = Debug|Any CPU
		{E4E642C1-3FEB-4D22-977C-4F3178EDDCD4}.Debug|iPhoneSimulator.Build.0 = Debug|Any CPU
		{E4E642C1-3FEB-4D22-977C-4F3178EDDCD4}.Debug|iPhoneSimulator.Deploy.0 = Debug|Any CPU
		{E4E642C1-3FEB-4D22-977C-4F3178EDDCD4}.Release|Any CPU.ActiveCfg = Release|Any CPU
		{E4E642C1-3FEB-4D22-977C-4F3178EDDCD4}.Release|Any CPU.Build.0 = Release|Any CPU
		{E4E642C1-3FEB-4D22-977C-4F3178EDDCD4}.Release|Any CPU.Deploy.0 = Release|Any CPU
		{E4E642C1-3FEB-4D22-977C-4F3178EDDCD4}.Release|iPhone.ActiveCfg = Release|Any CPU
		{E4E642C1-3FEB-4D22-977C-4F3178EDDCD4}.Release|iPhone.Build.0 = Release|Any CPU
		{E4E642C1-3FEB-4D22-977C-4F3178EDDCD4}.Release|iPhone.Deploy.0 = Release|Any CPU
		{E4E642C1-3FEB-4D22-977C-4F3178EDDCD4}.Release|iPhoneSimulator.ActiveCfg = Release|Any CPU
		{E4E642C1-3FEB-4D22-977C-4F3178EDDCD4}.Release|iPhoneSimulator.Build.0 = Release|Any CPU
		{E4E642C1-3FEB-4D22-977C-4F3178EDDCD4}.Release|iPhoneSimulator.Deploy.0 = Release|Any CPU
	EndGlobalSection
	GlobalSection(SolutionProperties) = preSolution
		HideSolutionNode = FALSE
	EndGlobalSection
	GlobalSection(ExtensibilityGlobals) = postSolution
		SolutionGuid = {A94CFCD8-1A12-4119-80E6-43CB1B625AEA}
	EndGlobalSection
EndGlobal
